
Microsoft Visual Studio Solution File, Format Version 12.00
Project("{FAE04EC0-301F-11D3-BF4B-00C04F79EFBC}") = "WebApp.Luby", "WebApp.Luby\WebApp.Luby.csproj", "{3753E4B8-83E5-44E0-9E9B-E00CEC7B5079}"
EndProject
Project("{FAE04EC0-301F-11D3-BF4B-00C04F79EFBC}") = "WebApp.Luby.Api", "WebApp.Luby.Api\WebApp.Luby.Api.csproj", "{8C61ABCB-188B-4B14-BD60-61B0FA3CADC2}"
EndProject
Project("{FAE04EC0-301F-11D3-BF4B-00C04F79EFBC}") = "WebApp.Luby.Data", "WebApp.Luby.Data\WebApp.Luby.Data.csproj", "{9F42F6EE-F4BB-4657-8E95-19CA295C3A53}"
EndProject
Project("{FAE04EC0-301F-11D3-BF4B-00C04F79EFBC}") = "WebApp.Luby.Interface", "WebApp.Luby.Interface\WebApp.Luby.Interface.csproj", "{FE7CE81B-8481-4E44-8B7D-2C53454D047A}"
EndProject
Project("{FAE04EC0-301F-11D3-BF4B-00C04F79EFBC}") = "WebApp.Luby.Models", "WebApp.Luby.Models\WebApp.Luby.Models.csproj", "{17F0711C-4514-4302-8721-4EF84FFBEFFC}"
EndProject
Project("{FAE04EC0-301F-11D3-BF4B-00C04F79EFBC}") = "WebApp.Luby.Library", "WebApp.Luby.Library\WebApp.Luby.Library.csproj", "{E7D821CD-0596-482C-A001-C557A80FF8CC}"
EndProject
Global
	GlobalSection(SolutionConfigurationPlatforms) = preSolution
		Debug|Any CPU = Debug|Any CPU
		Release|Any CPU = Release|Any CPU
	EndGlobalSection
	GlobalSection(ProjectConfigurationPlatforms) = postSolution
		{3753E4B8-83E5-44E0-9E9B-E00CEC7B5079}.Debug|Any CPU.ActiveCfg = Debug|Any CPU
		{3753E4B8-83E5-44E0-9E9B-E00CEC7B5079}.Debug|Any CPU.Build.0 = Debug|Any CPU
		{3753E4B8-83E5-44E0-9E9B-E00CEC7B5079}.Release|Any CPU.ActiveCfg = Release|Any CPU
		{3753E4B8-83E5-44E0-9E9B-E00CEC7B5079}.Release|Any CPU.Build.0 = Release|Any CPU
		{8C61ABCB-188B-4B14-BD60-61B0FA3CADC2}.Debug|Any CPU.ActiveCfg = Debug|Any CPU
		{8C61ABCB-188B-4B14-BD60-61B0FA3CADC2}.Debug|Any CPU.Build.0 = Debug|Any CPU
		{8C61ABCB-188B-4B14-BD60-61B0FA3CADC2}.Release|Any CPU.ActiveCfg = Release|Any CPU
		{8C61ABCB-188B-4B14-BD60-61B0FA3CADC2}.Release|Any CPU.Build.0 = Release|Any CPU
		{9F42F6EE-F4BB-4657-8E95-19CA295C3A53}.Debug|Any CPU.ActiveCfg = Debug|Any CPU
		{9F42F6EE-F4BB-4657-8E95-19CA295C3A53}.Debug|Any CPU.Build.0 = Debug|Any CPU
		{9F42F6EE-F4BB-4657-8E95-19CA295C3A53}.Release|Any CPU.ActiveCfg = Release|Any CPU
		{9F42F6EE-F4BB-4657-8E95-19CA295C3A53}.Release|Any CPU.Build.0 = Release|Any CPU
		{FE7CE81B-8481-4E44-8B7D-2C53454D047A}.Debug|Any CPU.ActiveCfg = Debug|Any CPU
		{FE7CE81B-8481-4E44-8B7D-2C53454D047A}.Debug|Any CPU.Build.0 = Debug|Any CPU
		{FE7CE81B-8481-4E44-8B7D-2C53454D047A}.Release|Any CPU.ActiveCfg = Release|Any CPU
		{FE7CE81B-8481-4E44-8B7D-2C53454D047A}.Release|Any CPU.Build.0 = Release|Any CPU
		{17F0711C-4514-4302-8721-4EF84FFBEFFC}.Debug|Any CPU.ActiveCfg = Debug|Any CPU
		{17F0711C-4514-4302-8721-4EF84FFBEFFC}.Debug|Any CPU.Build.0 = Debug|Any CPU
		{17F0711C-4514-4302-8721-4EF84FFBEFFC}.Release|Any CPU.ActiveCfg = Release|Any CPU
		{17F0711C-4514-4302-8721-4EF84FFBEFFC}.Release|Any CPU.Build.0 = Release|Any CPU
		{E7D821CD-0596-482C-A001-C557A80FF8CC}.Debug|Any CPU.ActiveCfg = Debug|Any CPU
		{E7D821CD-0596-482C-A001-C557A80FF8CC}.Debug|Any CPU.Build.0 = Debug|Any CPU
		{E7D821CD-0596-482C-A001-C557A80FF8CC}.Release|Any CPU.ActiveCfg = Release|Any CPU
		{E7D821CD-0596-482C-A001-C557A80FF8CC}.Release|Any CPU.Build.0 = Release|Any CPU
	EndGlobalSection
EndGlobal
