
Microsoft Visual Studio Solution File, Format Version 12.00
# Visual Studio Version 16
VisualStudioVersion = 16.0.31019.35
MinimumVisualStudioVersion = 10.0.40219.1
Project("{FAE04EC0-301F-11D3-BF4B-00C04F79EFBC}") = "Controle_de_Horas", "Controle_de_Horas\Controle_de_Horas.csproj", "{5E4B85F2-F30F-4D92-9745-F9D300B8CFF0}"
EndProject
Global
	GlobalSection(SolutionConfigurationPlatforms) = preSolution
		Debug|Any CPU = Debug|Any CPU
		Release|Any CPU = Release|Any CPU
	EndGlobalSection
	GlobalSection(ProjectConfigurationPlatforms) = postSolution
		{5E4B85F2-F30F-4D92-9745-F9D300B8CFF0}.Debug|Any CPU.ActiveCfg = Debug|Any CPU
		{5E4B85F2-F30F-4D92-9745-F9D300B8CFF0}.Debug|Any CPU.Build.0 = Debug|Any CPU
		{5E4B85F2-F30F-4D92-9745-F9D300B8CFF0}.Release|Any CPU.ActiveCfg = Release|Any CPU
		{5E4B85F2-F30F-4D92-9745-F9D300B8CFF0}.Release|Any CPU.Build.0 = Release|Any CPU
	EndGlobalSection
	GlobalSection(SolutionProperties) = preSolution
		HideSolutionNode = FALSE
	EndGlobalSection
	GlobalSection(ExtensibilityGlobals) = postSolution
		SolutionGuid = {FCC2BE6C-00B0-4332-815C-7A5AF275DDC2}
	EndGlobalSection
EndGlobal
