
Microsoft Visual Studio Solution File, Format Version 12.00
# Visual Studio Version 16
VisualStudioVersion = 16.0.29728.190
MinimumVisualStudioVersion = 10.0.40219.1
Project("{FAE04EC0-301F-11D3-BF4B-00C04F79EFBC}") = "LubyTest", "LubyTest\LubyTest.csproj", "{9B06425D-38E8-4D1D-9E85-05AA7C951A1C}"
EndProject
Global
	GlobalSection(SolutionConfigurationPlatforms) = preSolution
		Debug|Any CPU = Debug|Any CPU
		Release|Any CPU = Release|Any CPU
	EndGlobalSection
	GlobalSection(ProjectConfigurationPlatforms) = postSolution
		{9B06425D-38E8-4D1D-9E85-05AA7C951A1C}.Debug|Any CPU.ActiveCfg = Debug|Any CPU
		{9B06425D-38E8-4D1D-9E85-05AA7C951A1C}.Debug|Any CPU.Build.0 = Debug|Any CPU
		{9B06425D-38E8-4D1D-9E85-05AA7C951A1C}.Release|Any CPU.ActiveCfg = Release|Any CPU
		{9B06425D-38E8-4D1D-9E85-05AA7C951A1C}.Release|Any CPU.Build.0 = Release|Any CPU
	EndGlobalSection
	GlobalSection(SolutionProperties) = preSolution
		HideSolutionNode = FALSE
	EndGlobalSection
	GlobalSection(ExtensibilityGlobals) = postSolution
		SolutionGuid = {FD1A877F-24DE-4629-8971-D7608A4A844B}
	EndGlobalSection
EndGlobal
